
Microsoft Visual Studio Solution File, Format Version 12.00
# Visual Studio Version 17
VisualStudioVersion = 17.0.31903.59
MinimumVisualStudioVersion = 10.0.40219.1
Project("{9A19103F-16F7-4668-BE54-9A1E7A4F7556}") = "ConsoleUI", "ConsoleUI\ConsoleUI.csproj", "{5A875E53-57FE-4758-BA37-E0E9EF06A4B2}"
EndProject
Project("{9A19103F-16F7-4668-BE54-9A1E7A4F7556}") = "ATMLibrary", "ATMLibrary\ATMLibrary.csproj", "{2622C101-05CD-41E4-B02F-882F1006E7F5}"
EndProject
Project("{00D1A9C2-B5F0-4AF3-8072-F6C62B433612}") = "SQLData", "SQLData\SQLData.sqlproj", "{EB41EBF7-F498-4D4D-8016-C00C40E52672}"
EndProject
Global
	GlobalSection(SolutionConfigurationPlatforms) = preSolution
		Debug|Any CPU = Debug|Any CPU
		Release|Any CPU = Release|Any CPU
	EndGlobalSection
	GlobalSection(ProjectConfigurationPlatforms) = postSolution
		{5A875E53-57FE-4758-BA37-E0E9EF06A4B2}.Debug|Any CPU.ActiveCfg = Debug|Any CPU
		{5A875E53-57FE-4758-BA37-E0E9EF06A4B2}.Debug|Any CPU.Build.0 = Debug|Any CPU
		{5A875E53-57FE-4758-BA37-E0E9EF06A4B2}.Release|Any CPU.ActiveCfg = Release|Any CPU
		{5A875E53-57FE-4758-BA37-E0E9EF06A4B2}.Release|Any CPU.Build.0 = Release|Any CPU
		{2622C101-05CD-41E4-B02F-882F1006E7F5}.Debug|Any CPU.ActiveCfg = Debug|Any CPU
		{2622C101-05CD-41E4-B02F-882F1006E7F5}.Debug|Any CPU.Build.0 = Debug|Any CPU
		{2622C101-05CD-41E4-B02F-882F1006E7F5}.Release|Any CPU.ActiveCfg = Release|Any CPU
		{2622C101-05CD-41E4-B02F-882F1006E7F5}.Release|Any CPU.Build.0 = Release|Any CPU
		{EB41EBF7-F498-4D4D-8016-C00C40E52672}.Debug|Any CPU.ActiveCfg = Debug|Any CPU
		{EB41EBF7-F498-4D4D-8016-C00C40E52672}.Debug|Any CPU.Build.0 = Debug|Any CPU
		{EB41EBF7-F498-4D4D-8016-C00C40E52672}.Debug|Any CPU.Deploy.0 = Debug|Any CPU
		{EB41EBF7-F498-4D4D-8016-C00C40E52672}.Release|Any CPU.ActiveCfg = Release|Any CPU
		{EB41EBF7-F498-4D4D-8016-C00C40E52672}.Release|Any CPU.Build.0 = Release|Any CPU
		{EB41EBF7-F498-4D4D-8016-C00C40E52672}.Release|Any CPU.Deploy.0 = Release|Any CPU
	EndGlobalSection
	GlobalSection(SolutionProperties) = preSolution
		HideSolutionNode = FALSE
	EndGlobalSection
	GlobalSection(ExtensibilityGlobals) = postSolution
		SolutionGuid = {5A0245D5-C7C2-4189-8122-B203631D3619}
	EndGlobalSection
EndGlobal
